
Microsoft Visual Studio Solution File, Format Version 12.00
Project("{FAE04EC0-301F-11D3-BF4B-00C04F79EFBC}") = "Movies.Api", "Movies.Api\Movies.Api.csproj", "{4447E486-4733-4962-B989-052DB0F46E5F}"
EndProject
Project("{FAE04EC0-301F-11D3-BF4B-00C04F79EFBC}") = "Movies.Application", "Movies.Application\Movies.Application.csproj", "{AD09B496-1139-4BB7-A648-AE98608ABFC2}"
EndProject
Project("{FAE04EC0-301F-11D3-BF4B-00C04F79EFBC}") = "Movies.Contracts", "Movies.Contracts\Movies.Contracts.csproj", "{92561A85-BBBB-4B55-B3E6-C8F4C8AA270B}"
EndProject
Global
	GlobalSection(SolutionConfigurationPlatforms) = preSolution
		Debug|Any CPU = Debug|Any CPU
		Release|Any CPU = Release|Any CPU
	EndGlobalSection
	GlobalSection(ProjectConfigurationPlatforms) = postSolution
		{4447E486-4733-4962-B989-052DB0F46E5F}.Debug|Any CPU.ActiveCfg = Debug|Any CPU
		{4447E486-4733-4962-B989-052DB0F46E5F}.Debug|Any CPU.Build.0 = Debug|Any CPU
		{4447E486-4733-4962-B989-052DB0F46E5F}.Release|Any CPU.ActiveCfg = Release|Any CPU
		{4447E486-4733-4962-B989-052DB0F46E5F}.Release|Any CPU.Build.0 = Release|Any CPU
		{AD09B496-1139-4BB7-A648-AE98608ABFC2}.Debug|Any CPU.ActiveCfg = Debug|Any CPU
		{AD09B496-1139-4BB7-A648-AE98608ABFC2}.Debug|Any CPU.Build.0 = Debug|Any CPU
		{AD09B496-1139-4BB7-A648-AE98608ABFC2}.Release|Any CPU.ActiveCfg = Release|Any CPU
		{AD09B496-1139-4BB7-A648-AE98608ABFC2}.Release|Any CPU.Build.0 = Release|Any CPU
		{92561A85-BBBB-4B55-B3E6-C8F4C8AA270B}.Debug|Any CPU.ActiveCfg = Debug|Any CPU
		{92561A85-BBBB-4B55-B3E6-C8F4C8AA270B}.Debug|Any CPU.Build.0 = Debug|Any CPU
		{92561A85-BBBB-4B55-B3E6-C8F4C8AA270B}.Release|Any CPU.ActiveCfg = Release|Any CPU
		{92561A85-BBBB-4B55-B3E6-C8F4C8AA270B}.Release|Any CPU.Build.0 = Release|Any CPU
	EndGlobalSection
EndGlobal
